<Solution>
  <Folder Name="/src/" />
  <Folder Name="/src/Gateway/">
    <Project Path="src/Gateway/Gateway.API/Gateway.API.csproj" />
  </Folder>
  <Folder Name="/src/Order/">
    <Project Path="src/Order/Order.API/Order.API.csproj" />
    <Project Path="src/Order/Order.Application/Order.Application.csproj" />
    <Project Path="src/Order/Order.Domain/Order.Domain.csproj" />
    <Project Path="src/Order/Order.Infrastructure/Order.Infrastructure.csproj" />
  </Folder>
  <Folder Name="/src/Shared/">
    <Project Path="src/Shared/Shared.Contracts/Shared.Contracts.csproj" />
  </Folder>
  <Folder Name="/tests/">
    <Project Path="tests/E2E.Tests/E2E.Tests.csproj" />
    <Project Path="tests/Gateway.API.Tests/Gateway.API.Tests.csproj" />
    <Project Path="tests/Order.API.IntegrationTests/Order.API.IntegrationTests.csproj" />
    <Project Path="tests/Order.Application.Tests/Order.Application.Tests.csproj" />
    <Project Path="tests/Shared.Contracts.Tests/Shared.Contracts.Tests.csproj" />
  </Folder>
</Solution>
